
Microsoft Visual Studio Solution File, Format Version 12.00
# Visual Studio Version 16
VisualStudioVersion = 16.0.34729.46
MinimumVisualStudioVersion = 10.0.40219.1
Project("{FAE04EC0-301F-11D3-BF4B-00C04F79EFBC}") = "Report", "Report\Report.csproj", "{F5C5DF91-A0F2-441E-A9F2-8534D119D25D}"
EndProject
Global
	GlobalSection(SolutionConfigurationPlatforms) = preSolution
		Debug|Any CPU = Debug|Any CPU
		Release|Any CPU = Release|Any CPU
	EndGlobalSection
	GlobalSection(ProjectConfigurationPlatforms) = postSolution
		{F5C5DF91-A0F2-441E-A9F2-8534D119D25D}.Debug|Any CPU.ActiveCfg = Debug|Any CPU
		{F5C5DF91-A0F2-441E-A9F2-8534D119D25D}.Debug|Any CPU.Build.0 = Debug|Any CPU
		{F5C5DF91-A0F2-441E-A9F2-8534D119D25D}.Release|Any CPU.ActiveCfg = Release|Any CPU
		{F5C5DF91-A0F2-441E-A9F2-8534D119D25D}.Release|Any CPU.Build.0 = Release|Any CPU
	EndGlobalSection
	GlobalSection(SolutionProperties) = preSolution
		HideSolutionNode = FALSE
	EndGlobalSection
	GlobalSection(ExtensibilityGlobals) = postSolution
		SolutionGuid = {6FB50F1D-5403-49F8-B1ED-E4A3C9FF524A}
	EndGlobalSection
EndGlobal
